
Microsoft Visual Studio Solution File, Format Version 12.00
# Visual Studio Version 16
VisualStudioVersion = 16.0.32228.343
MinimumVisualStudioVersion = 10.0.40219.1
Project("{FAE04EC0-301F-11D3-BF4B-00C04F79EFBC}") = "DevIO.App", "src\DevIO.App\DevIO.App.csproj", "{91F087F1-AB65-46BD-A74E-819765999F4C}"
EndProject
Project("{FAE04EC0-301F-11D3-BF4B-00C04F79EFBC}") = "DevIO.Business", "src\DevIO.Business\DevIO.Business.csproj", "{6A2F4166-26EE-46D8-A54D-056A55033E81}"
EndProject
Project("{FAE04EC0-301F-11D3-BF4B-00C04F79EFBC}") = "DevIo.Data", "src\DevIo.Data\DevIo.Data.csproj", "{4AC59ABC-3479-4930-8701-A566A4F0ECAD}"
EndProject
Global
	GlobalSection(SolutionConfigurationPlatforms) = preSolution
		Debug|Any CPU = Debug|Any CPU
		Release|Any CPU = Release|Any CPU
	EndGlobalSection
	GlobalSection(ProjectConfigurationPlatforms) = postSolution
		{91F087F1-AB65-46BD-A74E-819765999F4C}.Debug|Any CPU.ActiveCfg = Debug|Any CPU
		{91F087F1-AB65-46BD-A74E-819765999F4C}.Debug|Any CPU.Build.0 = Debug|Any CPU
		{91F087F1-AB65-46BD-A74E-819765999F4C}.Release|Any CPU.ActiveCfg = Release|Any CPU
		{91F087F1-AB65-46BD-A74E-819765999F4C}.Release|Any CPU.Build.0 = Release|Any CPU
		{6A2F4166-26EE-46D8-A54D-056A55033E81}.Debug|Any CPU.ActiveCfg = Debug|Any CPU
		{6A2F4166-26EE-46D8-A54D-056A55033E81}.Debug|Any CPU.Build.0 = Debug|Any CPU
		{6A2F4166-26EE-46D8-A54D-056A55033E81}.Release|Any CPU.ActiveCfg = Release|Any CPU
		{6A2F4166-26EE-46D8-A54D-056A55033E81}.Release|Any CPU.Build.0 = Release|Any CPU
		{4AC59ABC-3479-4930-8701-A566A4F0ECAD}.Debug|Any CPU.ActiveCfg = Debug|Any CPU
		{4AC59ABC-3479-4930-8701-A566A4F0ECAD}.Debug|Any CPU.Build.0 = Debug|Any CPU
		{4AC59ABC-3479-4930-8701-A566A4F0ECAD}.Release|Any CPU.ActiveCfg = Release|Any CPU
		{4AC59ABC-3479-4930-8701-A566A4F0ECAD}.Release|Any CPU.Build.0 = Release|Any CPU
	EndGlobalSection
	GlobalSection(SolutionProperties) = preSolution
		HideSolutionNode = FALSE
	EndGlobalSection
	GlobalSection(ExtensibilityGlobals) = postSolution
		SolutionGuid = {B83D043E-959C-42B0-B7B9-77CF2B8DA9F4}
	EndGlobalSection
EndGlobal
